# This file is generated by running "yarn install" inside your project.
# Manual changes might be lost - proceed with caution!

__metadata:
  version: 8
  cacheKey: 10c0

"@types/emscripten@npm:^1.41.4":
  version: 1.41.5
  resolution: "@types/emscripten@npm:1.41.5"
  checksum: 10c0/ae816da716f896434e59df7a71b67c71ae7e85ca067a32aef1616572fc4757459515d42ade6f5b8fd8d69733a9dbd0cf23010fec5b2f41ce52c09501aa350e45
  languageName: node
  linkType: hard

"example-pyodide@workspace:.":
  version: 0.0.0-use.local
  resolution: "example-pyodide@workspace:."
  dependencies:
    pyodide: "npm:^0.29.3"
    torch: "portal:../../"
  languageName: unknown
  linkType: soft

"pyodide@npm:^0.29.3":
  version: 0.29.3
  resolution: "pyodide@npm:0.29.3"
  dependencies:
    "@types/emscripten": "npm:^1.41.4"
    ws: "npm:^8.5.0"
  checksum: 10c0/4c8108e9af7cd8997812507a01c3dd48789ab58973bdef3ac5a336c38837e7495146195be7fb8b0798bcc3c4f79e98877efaf0672d18e088488512eefbf1d3ca
  languageName: node
  linkType: hard

"torch@portal:../../::locator=example-pyodide%40workspace%3A.":
  version: 0.0.0-use.local
  resolution: "torch@portal:../../::locator=example-pyodide%40workspace%3A."
  languageName: node
  linkType: soft

"ws@npm:^8.5.0":
  version: 8.19.0
  resolution: "ws@npm:8.19.0"
  peerDependencies:
    bufferutil: ^4.0.1
    utf-8-validate: ">=5.0.2"
  peerDependenciesMeta:
    bufferutil:
      optional: true
    utf-8-validate:
      optional: true
  checksum: 10c0/4741d9b9bc3f9c791880882414f96e36b8b254e34d4b503279d6400d9a4b87a033834856dbdd94ee4b637944df17ea8afc4bce0ff4a1560d2166be8855da5b04
  languageName: node
  linkType: hard
